{
  "name": "bskysportsbot",
  "version": "1.0.0",
  "lockfileVersion": 3,
  "requires": true,
  "packages": {
    "": {
      "name": "bskysportsbot",
      "version": "1.0.0",
      "license": "ISC",
      "dependencies": {
        "@atcute/bluesky": "^3.3.0",
        "@skyware/bot": "^0.4.0",
        "dotenv": "^17.3.1",
        "masto": "^7.10.2"
      }
    },
    "node_modules/@atcute/atproto": {
      "version": "3.1.10",
      "resolved": "https://registry.npmjs.org/@atcute/atproto/-/atproto-3.1.10.tgz",
      "integrity": "sha512-+GKZpOc0PJcdWMQEkTfg/rSNDAAHxmAUGBl60g2az15etqJn5WaUPNGFE2sB7hKpwi5Ue2h/L0OacINcE/JDDQ==",
      "license": "0BSD",
      "dependencies": {
        "@atcute/lexicons": "^1.2.6"
      }
    },
    "node_modules/@atcute/bluesky": {
      "version": "3.3.0",
      "resolved": "https://registry.npmjs.org/@atcute/bluesky/-/bluesky-3.3.0.tgz",
      "integrity": "sha512-TrLnlxuD6F/D2ZYzJ3aCiRD0yiFuhmVsd6oULNzzr8V9Xzlufg0yxkRiGmbMiF2iI508y/MFi6vzo625301c5A==",
      "license": "0BSD",
      "dependencies": {
        "@atcute/atproto": "^3.1.10",
        "@atcute/lexicons": "^1.2.9"
      }
    },
    "node_modules/@atcute/bluesky-richtext-builder": {
      "version": "2.0.5",
      "resolved": "https://registry.npmjs.org/@atcute/bluesky-richtext-builder/-/bluesky-richtext-builder-2.0.5.tgz",
      "integrity": "sha512-74VcYnq0MIWb9GegSYmxfFMYWSDn4fqh0R3d9ofzgav0gVFGPmXDm4Hf4cuOYGv9pz0/4sdJDqb0gamzxvOXGQ==",
      "license": "0BSD",
      "dependencies": {
        "@atcute/bluesky": "^3.2.17",
        "@atcute/lexicons": "^1.2.9",
        "@atcute/uint8array": "^1.1.1"
      }
    },
    "node_modules/@atcute/car": {
      "version": "3.1.3",
      "resolved": "https://registry.npmjs.org/@atcute/car/-/car-3.1.3.tgz",
      "integrity": "sha512-WJ13bAEt7TjDMVi09ubjLtvhdljbWInGm9Kfy7Y6NhrmiyC/aZYaA/zHX/bHI6xv1c/h3SQduWqxOr4ae49eqA==",
      "license": "0BSD",
      "optional": true,
      "dependencies": {
        "@atcute/cbor": "^2.2.7",
        "@atcute/cid": "^2.2.5",
        "@atcute/uint8array": "^1.0.5",
        "@atcute/varint": "^1.0.3",
        "yocto-queue": "^1.2.1"
      }
    },
    "node_modules/@atcute/cbor": {
      "version": "2.3.2",
      "resolved": "https://registry.npmjs.org/@atcute/cbor/-/cbor-2.3.2.tgz",
      "integrity": "sha512-xP2SORSau/VVI00x2V4BjwIkHr6EQ7l/MXEOPaa4LGYtePFc4gnD4L1yN10dT5NEuUnvGEuCh6arLB7gz1smVQ==",
      "license": "0BSD",
      "optional": true,
      "dependencies": {
        "@atcute/cid": "^2.4.1",
        "@atcute/multibase": "^1.1.8",
        "@atcute/uint8array": "^1.1.1"
      }
    },
    "node_modules/@atcute/cid": {
      "version": "2.4.1",
      "resolved": "https://registry.npmjs.org/@atcute/cid/-/cid-2.4.1.tgz",
      "integrity": "sha512-bwhna69RCv7yetXudtj+2qrMPYvhhIQqvJz6YUpUS98v7OdF3X2dnye9Nig2NDrklZcuyOsu7sQo7GOykJXRLQ==",
      "license": "0BSD",
      "optional": true,
      "dependencies": {
        "@atcute/multibase": "^1.1.8",
        "@atcute/uint8array": "^1.1.1"
      }
    },
    "node_modules/@atcute/client": {
      "version": "4.2.1",
      "resolved": "https://registry.npmjs.org/@atcute/client/-/client-4.2.1.tgz",
      "integrity": "sha512-ZBFM2pW075JtgGFu5g7HHZBecrClhlcNH8GVP9Zz1aViWR+cjjBsTpeE63rJs+FCOHFYlirUyo5L8SGZ4kMINw==",
      "license": "0BSD",
      "dependencies": {
        "@atcute/identity": "^1.1.3",
        "@atcute/lexicons": "^1.2.6"
      }
    },
    "node_modules/@atcute/identity": {
      "version": "1.1.3",
      "resolved": "https://registry.npmjs.org/@atcute/identity/-/identity-1.1.3.tgz",
      "integrity": "sha512-oIqPoI8TwWeQxvcLmFEZLdN2XdWcaLVtlm8pNk0E72As9HNzzD9pwKPrLr3rmTLRIoULPPFmq9iFNsTeCIU9ng==",
      "license": "0BSD",
      "dependencies": {
        "@atcute/lexicons": "^1.2.4",
        "@badrap/valita": "^0.4.6"
      }
    },
    "node_modules/@atcute/lexicons": {
      "version": "1.2.9",
      "resolved": "https://registry.npmjs.org/@atcute/lexicons/-/lexicons-1.2.9.tgz",
      "integrity": "sha512-/RRHm2Cw9o8Mcsrq0eo8fjS9okKYLGfuFwrQ0YoP/6sdSDsXshaTLJsvLlcUcaDaSJ1YFOuHIo3zr2Om2F/16g==",
      "license": "0BSD",
      "dependencies": {
        "@atcute/uint8array": "^1.1.1",
        "@atcute/util-text": "^1.1.1",
        "@standard-schema/spec": "^1.1.0",
        "esm-env": "^1.2.2"
      }
    },
    "node_modules/@atcute/multibase": {
      "version": "1.1.8",
      "resolved": "https://registry.npmjs.org/@atcute/multibase/-/multibase-1.1.8.tgz",
      "integrity": "sha512-pJgtImMZKCjqwRbu+2GzB+4xQjKBXDwdZOzeqe0u97zYKRGftpGYGvYv3+pMe2xXe+msDyu7Nv8iJp+U14otTA==",
      "license": "0BSD",
      "optional": true,
      "dependencies": {
        "@atcute/uint8array": "^1.1.1"
      }
    },
    "node_modules/@atcute/ozone": {
      "version": "3.1.13",
      "resolved": "https://registry.npmjs.org/@atcute/ozone/-/ozone-3.1.13.tgz",
      "integrity": "sha512-V/ddm7RTyuNykVV3FL1DGbKOA3DunowRHggNqcfrSJUTU+7FkVhxYO+G7onjfnF2DQ9WD/Dz32mwMzT9shCgfQ==",
      "license": "0BSD",
      "dependencies": {
        "@atcute/atproto": "^3.1.9",
        "@atcute/bluesky": "^3.2.12",
        "@atcute/lexicons": "^1.2.5"
      }
    },
    "node_modules/@atcute/uint8array": {
      "version": "1.1.1",
      "resolved": "https://registry.npmjs.org/@atcute/uint8array/-/uint8array-1.1.1.tgz",
      "integrity": "sha512-3LsC8XB8TKe9q/5hOA5sFuzGaIFdJZJNewC5OKa3o/eU6+K7JR6see9Zy2JbQERNVnRl11EzbNov1efgLMAs4g==",
      "license": "0BSD"
    },
    "node_modules/@atcute/util-text": {
      "version": "1.1.1",
      "resolved": "https://registry.npmjs.org/@atcute/util-text/-/util-text-1.1.1.tgz",
      "integrity": "sha512-JH0SxzUQJAmbOBTYyhxQbkkI6M33YpjlVLEcbP5GYt43xgFArzV0FJVmEpvIj0kjsmphHB45b6IitdvxPdec9w==",
      "license": "0BSD",
      "dependencies": {
        "unicode-segmenter": "^0.14.5"
      }
    },
    "node_modules/@atcute/varint": {
      "version": "1.0.4",
      "resolved": "https://registry.npmjs.org/@atcute/varint/-/varint-1.0.4.tgz",
      "integrity": "sha512-0nGBaRyJLoxVvCHTSLGwPZKs64PPi/0lDA4viF3I5zxsRmVPsXaE92J8VQj3KoZfk0+Z+liXklG1Onw7G9S4oQ==",
      "license": "0BSD",
      "optional": true
    },
    "node_modules/@badrap/valita": {
      "version": "0.4.6",
      "resolved": "https://registry.npmjs.org/@badrap/valita/-/valita-0.4.6.tgz",
      "integrity": "sha512-4kdqcjyxo/8RQ8ayjms47HCWZIF5981oE5nIenbfThKDxWXtEHKipAOWlflpPJzZx9y/JWYQkp18Awr7VuepFg==",
      "license": "MIT",
      "engines": {
        "node": ">= 18"
      }
    },
    "node_modules/@skyware/bot": {
      "version": "0.4.0",
      "resolved": "https://registry.npmjs.org/@skyware/bot/-/bot-0.4.0.tgz",
      "integrity": "sha512-xbodXxB0PRqOwaB/llbdX1sZ9wqIXZhTxwPl77XL9BAP5/SI1DbM0wvo7qwkmI4CBBakE6Hp7ZYj0pyYDb81Uw==",
      "license": "MPL-2.0",
      "dependencies": {
        "@atcute/atproto": "^3.1.1",
        "@atcute/bluesky": "^3.2.0",
        "@atcute/bluesky-richtext-builder": "^2.0.3",
        "@atcute/client": "^4.0.3",
        "@atcute/lexicons": "^1.1.0",
        "@atcute/ozone": "^3.1.3",
        "quick-lru": "^7.0.0",
        "rate-limit-threshold": "^0.1.5"
      },
      "optionalDependencies": {
        "@skyware/firehose": "^0.5.2",
        "@skyware/jetstream": "^0.2.5"
      }
    },
    "node_modules/@skyware/firehose": {
      "version": "0.5.2",
      "resolved": "https://registry.npmjs.org/@skyware/firehose/-/firehose-0.5.2.tgz",
      "integrity": "sha512-Ayg/cF0BkakBNQVA51ClDka0+nC96WiARNrGElMQxfqbwao0PBaCXkunfr8qS4DWS3TqLnR6hA9mvm1vAYlxJQ==",
      "license": "MPL-2.0",
      "optional": true,
      "dependencies": {
        "@atcute/car": "^3.0.3",
        "@atcute/cbor": "^2.2.2",
        "nanoevents": "^9.1.0"
      }
    },
    "node_modules/@skyware/jetstream": {
      "version": "0.2.5",
      "resolved": "https://registry.npmjs.org/@skyware/jetstream/-/jetstream-0.2.5.tgz",
      "integrity": "sha512-fM/zs03DLwqRyzZZJFWN20e76KrdqIp97Tlm8Cek+vxn96+tu5d/fx79V6H85L0QN6HvGiX2l9A8hWFqHvYlOA==",
      "license": "MPL-2.0",
      "optional": true,
      "dependencies": {
        "@atcute/atproto": "^3.1.0",
        "@atcute/bluesky": "^3.1.4",
        "@atcute/lexicons": "^1.1.0",
        "partysocket": "^1.1.3",
        "tiny-emitter": "^2.1.0"
      }
    },
    "node_modules/@standard-schema/spec": {
      "version": "1.1.0",
      "resolved": "https://registry.npmjs.org/@standard-schema/spec/-/spec-1.1.0.tgz",
      "integrity": "sha512-l2aFy5jALhniG5HgqrD6jXLi/rUWrKvqN/qJx6yoJsgKhblVd+iqqU4RCXavm/jPityDo5TCvKMnpjKnOriy0w==",
      "license": "MIT"
    },
    "node_modules/change-case": {
      "version": "5.4.4",
      "resolved": "https://registry.npmjs.org/change-case/-/change-case-5.4.4.tgz",
      "integrity": "sha512-HRQyTk2/YPEkt9TnUPbOpr64Uw3KOicFWPVBb+xiHvd6eBx/qPr9xqfBFDT8P2vWsvvz4jbEkfDe71W3VyNu2w==",
      "license": "MIT"
    },
    "node_modules/dotenv": {
      "version": "17.3.1",
      "resolved": "https://registry.npmjs.org/dotenv/-/dotenv-17.3.1.tgz",
      "integrity": "sha512-IO8C/dzEb6O3F9/twg6ZLXz164a2fhTnEWb95H23Dm4OuN+92NmEAlTrupP9VW6Jm3sO26tQlqyvyi4CsnY9GA==",
      "license": "BSD-2-Clause",
      "engines": {
        "node": ">=12"
      },
      "funding": {
        "url": "https://dotenvx.com"
      }
    },
    "node_modules/esm-env": {
      "version": "1.2.2",
      "resolved": "https://registry.npmjs.org/esm-env/-/esm-env-1.2.2.tgz",
      "integrity": "sha512-Epxrv+Nr/CaL4ZcFGPJIYLWFom+YeV1DqMLHJoEd9SYRxNbaFruBwfEX/kkHUJf55j2+TUbmDcmuilbP1TmXHA==",
      "license": "MIT"
    },
    "node_modules/event-target-polyfill": {
      "version": "0.0.4",
      "resolved": "https://registry.npmjs.org/event-target-polyfill/-/event-target-polyfill-0.0.4.tgz",
      "integrity": "sha512-Gs6RLjzlLRdT8X9ZipJdIZI/Y6/HhRLyq9RdDlCsnpxr/+Nn6bU2EFGuC94GjxqhM+Nmij2Vcq98yoHrU8uNFQ==",
      "license": "MIT",
      "optional": true
    },
    "node_modules/events-to-async": {
      "version": "2.0.2",
      "resolved": "https://registry.npmjs.org/events-to-async/-/events-to-async-2.0.2.tgz",
      "integrity": "sha512-WzI6m/SU+F38t2tejHh6IQuQkNZ0dMOmSEmODJb9czaeMYtQ5FVZ+b6DOHr3hC6hNKNnn9CwDUN8mJiAkWSI9Q==",
      "license": "MIT"
    },
    "node_modules/isomorphic-ws": {
      "version": "5.0.0",
      "resolved": "https://registry.npmjs.org/isomorphic-ws/-/isomorphic-ws-5.0.0.tgz",
      "integrity": "sha512-muId7Zzn9ywDsyXgTIafTry2sV3nySZeUDe6YedVd1Hvuuep5AsIlqK+XefWpYTyJG5e503F2xIuT2lcU6rCSw==",
      "license": "MIT",
      "peerDependencies": {
        "ws": "*"
      }
    },
    "node_modules/masto": {
      "version": "7.10.2",
      "resolved": "https://registry.npmjs.org/masto/-/masto-7.10.2.tgz",
      "integrity": "sha512-zJr0NyKne9eljadKxS/ZJI5bBhlLQsn8WWXCGlRxIg6lb5J84O5IlWJG8CF7mMLj4avEzrN9fuEjtJVagonIXg==",
      "license": "MIT",
      "dependencies": {
        "change-case": "^5.4.4",
        "events-to-async": "^2.0.2",
        "isomorphic-ws": "^5.0.0",
        "ts-custom-error": "^3.3.1",
        "ws": "^8.18.3"
      }
    },
    "node_modules/nanoevents": {
      "version": "9.1.0",
      "resolved": "https://registry.npmjs.org/nanoevents/-/nanoevents-9.1.0.tgz",
      "integrity": "sha512-Jd0fILWG44a9luj8v5kED4WI+zfkkgwKyRQKItTtlPfEsh7Lznfi1kr8/iZ+XAIss4Qq5GqRB0qtWbaz9ceO/A==",
      "license": "MIT",
      "optional": true,
      "engines": {
        "node": "^18.0.0 || >=20.0.0"
      }
    },
    "node_modules/partysocket": {
      "version": "1.1.16",
      "resolved": "https://registry.npmjs.org/partysocket/-/partysocket-1.1.16.tgz",
      "integrity": "sha512-d7xFv+ZC7x0p/DAHWJ5FhxQhimIx+ucyZY+kxL0cKddLBmK9c4p2tEA/L+dOOrWm6EYrRwrBjKQV0uSzOY9x1w==",
      "license": "MIT",
      "optional": true,
      "dependencies": {
        "event-target-polyfill": "^0.0.4"
      },
      "peerDependencies": {
        "react": ">=17"
      },
      "peerDependenciesMeta": {
        "react": {
          "optional": true
        }
      }
    },
    "node_modules/quick-lru": {
      "version": "7.3.0",
      "resolved": "https://registry.npmjs.org/quick-lru/-/quick-lru-7.3.0.tgz",
      "integrity": "sha512-k9lSsjl36EJdK7I06v7APZCbyGT2vMTsYSRX1Q2nbYmnkBqgUhRkAuzH08Ciotteu/PLJmIF2+tti7o3C/ts2g==",
      "license": "MIT",
      "engines": {
        "node": ">=18"
      },
      "funding": {
        "url": "https://github.com/sponsors/sindresorhus"
      }
    },
    "node_modules/rate-limit-threshold": {
      "version": "0.1.5",
      "resolved": "https://registry.npmjs.org/rate-limit-threshold/-/rate-limit-threshold-0.1.5.tgz",
      "integrity": "sha512-75vpvXC/ZqQJrFDp0dVtfoXZi8kxQP2eBuxVYFvGDfnHhcgE+ZG870u4ItQhWQh54Y6nNwOaaq5g3AL9n27lTg==",
      "license": "MIT",
      "engines": {
        "node": "^14.13.1 || >=16.0.0"
      }
    },
    "node_modules/tiny-emitter": {
      "version": "2.1.0",
      "resolved": "https://registry.npmjs.org/tiny-emitter/-/tiny-emitter-2.1.0.tgz",
      "integrity": "sha512-NB6Dk1A9xgQPMoGqC5CVXn123gWyte215ONT5Pp5a0yt4nlEoO1ZWeCwpncaekPHXO60i47ihFnZPiRPjRMq4Q==",
      "license": "MIT",
      "optional": true
    },
    "node_modules/ts-custom-error": {
      "version": "3.3.1",
      "resolved": "https://registry.npmjs.org/ts-custom-error/-/ts-custom-error-3.3.1.tgz",
      "integrity": "sha512-5OX1tzOjxWEgsr/YEUWSuPrQ00deKLh6D7OTWcvNHm12/7QPyRh8SYpyWvA4IZv8H/+GQWQEh/kwo95Q9OVW1A==",
      "license": "MIT",
      "engines": {
        "node": ">=14.0.0"
      }
    },
    "node_modules/unicode-segmenter": {
      "version": "0.14.5",
      "resolved": "https://registry.npmjs.org/unicode-segmenter/-/unicode-segmenter-0.14.5.tgz",
      "integrity": "sha512-jHGmj2LUuqDcX3hqY12Ql+uhUTn8huuxNZGq7GvtF6bSybzH3aFgedYu/KTzQStEgt1Ra2F3HxadNXsNjb3m3g==",
      "license": "MIT"
    },
    "node_modules/ws": {
      "version": "8.19.0",
      "resolved": "https://registry.npmjs.org/ws/-/ws-8.19.0.tgz",
      "integrity": "sha512-blAT2mjOEIi0ZzruJfIhb3nps74PRWTCz1IjglWEEpQl5XS/UNama6u2/rjFkDDouqr4L67ry+1aGIALViWjDg==",
      "license": "MIT",
      "engines": {
        "node": ">=10.0.0"
      },
      "peerDependencies": {
        "bufferutil": "^4.0.1",
        "utf-8-validate": ">=5.0.2"
      },
      "peerDependenciesMeta": {
        "bufferutil": {
          "optional": true
        },
        "utf-8-validate": {
          "optional": true
        }
      }
    },
    "node_modules/yocto-queue": {
      "version": "1.2.2",
      "resolved": "https://registry.npmjs.org/yocto-queue/-/yocto-queue-1.2.2.tgz",
      "integrity": "sha512-4LCcse/U2MHZ63HAJVE+v71o7yOdIe4cZ70Wpf8D/IyjDKYQLV5GD46B+hSTjJsvV5PztjvHoU580EftxjDZFQ==",
      "license": "MIT",
      "optional": true,
      "engines": {
        "node": ">=12.20"
      },
      "funding": {
        "url": "https://github.com/sponsors/sindresorhus"
      }
    }
  }
}
